# generated by rye
# use `rye lock` or `rye sync` to update this lockfile
#
# last locked with the following flags:
#   pre: false
#   features: []
#   all-features: false
#   with-sources: false
#   generate-hashes: false

-e file:.
certifi==2024.7.4
    # via requests
charset-normalizer==3.3.2
    # via requests
cmcrameri==1.9
    # via blender-vtk-importer-exporter
contourpy==1.2.1
    # via matplotlib
cycler==0.12.1
    # via matplotlib
fonttools==4.53.1
    # via matplotlib
idna==3.7
    # via requests
kiwisolver==1.4.5
    # via matplotlib
matplotlib==3.9.1
    # via cmcrameri
    # via pyvista
    # via vtk
numpy==1.26.4
    # via blender-vtk-importer-exporter
    # via cmcrameri
    # via contourpy
    # via matplotlib
    # via pyvista
packaging==24.1
    # via cmcrameri
    # via matplotlib
    # via pooch
pillow==10.4.0
    # via matplotlib
    # via pyvista
platformdirs==4.2.2
    # via pooch
pooch==1.8.2
    # via pyvista
pyparsing==3.1.2
    # via matplotlib
python-dateutil==2.9.0.post0
    # via matplotlib
pyvista==0.44.0
    # via blender-vtk-importer-exporter
requests==2.32.3
    # via pooch
scooby==0.10.0
    # via pyvista
six==1.16.0
    # via python-dateutil
typing-extensions==4.12.2
    # via pyvista
urllib3==2.2.2
    # via requests
vtk==9.3.1
    # via pyvista
